
Microsoft Visual Studio Solution File, Format Version 12.00
# Visual Studio Version 16
VisualStudioVersion = 16.0.31729.503
MinimumVisualStudioVersion = 10.0.40219.1
Project("{FAE04EC0-301F-11D3-BF4B-00C04F79EFBC}") = "courses-edu-be", "courses-edu-be\courses-edu-be.csproj", "{CE994F24-62F1-463D-8881-4BF6B7E37907}"
EndProject
Global
	GlobalSection(SolutionConfigurationPlatforms) = preSolution
		Debug|Any CPU = Debug|Any CPU
		Release|Any CPU = Release|Any CPU
	EndGlobalSection
	GlobalSection(ProjectConfigurationPlatforms) = postSolution
		{CE994F24-62F1-463D-8881-4BF6B7E37907}.Debug|Any CPU.ActiveCfg = Debug|Any CPU
		{CE994F24-62F1-463D-8881-4BF6B7E37907}.Debug|Any CPU.Build.0 = Debug|Any CPU
		{CE994F24-62F1-463D-8881-4BF6B7E37907}.Release|Any CPU.ActiveCfg = Release|Any CPU
		{CE994F24-62F1-463D-8881-4BF6B7E37907}.Release|Any CPU.Build.0 = Release|Any CPU
	EndGlobalSection
	GlobalSection(SolutionProperties) = preSolution
		HideSolutionNode = FALSE
	EndGlobalSection
	GlobalSection(ExtensibilityGlobals) = postSolution
		SolutionGuid = {25217BE0-C699-4617-9F72-8AE1834A8901}
	EndGlobalSection
EndGlobal
